
Microsoft Visual Studio Solution File, Format Version 12.00
# Visual Studio Version 17
VisualStudioVersion = 17.3.32929.385
MinimumVisualStudioVersion = 10.0.40219.1
Project("{FAE04EC0-301F-11D3-BF4B-00C04F79EFBC}") = "ITMO.CSCourse.Lab01.Divider", "ITMO.CSCourse.Lab01.Divider\ITMO.CSCourse.Lab01.Divider.csproj", "{8ED4DB5C-691F-403A-BC5B-A6DC45673E16}"
EndProject
Project("{FAE04EC0-301F-11D3-BF4B-00C04F79EFBC}") = "ITMO.CSCourse.Lab01.Greetings", "ITMO.CSCourse.Lab01.Greetings\ITMO.CSCourse.Lab01.Greetings.csproj", "{8B61563B-2428-4DB8-B679-A7620D948BCC}"
EndProject
Project("{FAE04EC0-301F-11D3-BF4B-00C04F79EFBC}") = "ITMO.CSCourse.Lab02.BankAccount", "ITMO.CSCourse.Lab02.BankAccount\ITMO.CSCourse.Lab02.BankAccount.csproj", "{314AFBAA-785F-42FD-B6BA-1991E58D4BA0}"
EndProject
Project("{FAE04EC0-301F-11D3-BF4B-00C04F79EFBC}") = "ITMO.CSCourse.Lab02.StructType", "ITMO.CSCourse.Lab02.StructType\ITMO.CSCourse.Lab02.StructType.csproj", "{4BD4AEDE-BBA6-423C-BA63-0C6169529154}"
EndProject
Project("{FAE04EC0-301F-11D3-BF4B-00C04F79EFBC}") = "ITMO.CSCourse.Lab03.WhatDay1", "ITMO.CSCourse.Lab03.WhatDay1\ITMO.CSCourse.Lab03.WhatDay1.csproj", "{5DC73A9A-BBEB-40EB-A1ED-C2AFA67E9010}"
EndProject
Project("{FAE04EC0-301F-11D3-BF4B-00C04F79EFBC}") = "ITMO.CSCourse.Lab03.WhatDay2", "ITMO.CSCourse.Lab03.WhatDay2\ITMO.CSCourse.Lab03.WhatDay2.csproj", "{680A44BC-CE6B-4F07-BBB1-7B26836B7D5D}"
EndProject
Project("{FAE04EC0-301F-11D3-BF4B-00C04F79EFBC}") = "ITMO.CSCourse.Lab03.WhatDay3", "ITMO.CSCourse.Lab03.WhatDay3\ITMO.CSCourse.Lab03.WhatDay3.csproj", "{BFD0E742-A429-4B86-BFE0-C8FE6EFC6F27}"
EndProject
Project("{FAE04EC0-301F-11D3-BF4B-00C04F79EFBC}") = "ITMO.CSCourse.Lab04.Utility", "ITMO.CSCourse.Lab04.Utility\ITMO.CSCourse.Lab04.Utility.csproj", "{1E0744FA-D5E7-42A1-9DFD-DE4B251CC757}"
EndProject
Project("{FAE04EC0-301F-11D3-BF4B-00C04F79EFBC}") = "ITMO.CSCourse.Lab05.FileDetails", "ITMO.CSCourse.Lab05.FileDetails\ITMO.CSCourse.Lab05.FileDetails.csproj", "{87D7AB5B-8B7A-46AD-901D-04E667188985}"
EndProject
Project("{FAE04EC0-301F-11D3-BF4B-00C04F79EFBC}") = "ITMO.CSCourse.Lab05.MatrixMultiply", "ITMO.CSCourse.Lab05.MatrixMultiply\ITMO.CSCourse.Lab05.MatrixMultiply.csproj", "{DC5C4AE1-2F2C-433D-817D-8F4F0F62AF3D}"
EndProject
Project("{FAE04EC0-301F-11D3-BF4B-00C04F79EFBC}") = "ITMO.CSCourse.Lab06.CreateAccount", "ITMO.CSCourse.Lab06.CreateAccount\ITMO.CSCourse.Lab06.CreateAccount.csproj", "{B0EDA907-1CD5-4F31-8419-C9FF2DE1881B}"
EndProject
Project("{FAE04EC0-301F-11D3-BF4B-00C04F79EFBC}") = "ITMO.CSCourse.Lab06.UniqueNumbers", "ITMO.CSCourse.Lab06.UniqueNumbers\ITMO.CSCourse.Lab06.UniqueNumbers.csproj", "{27C22F47-036A-431E-9795-6D15C06EF45D}"
EndProject
Project("{FAE04EC0-301F-11D3-BF4B-00C04F79EFBC}") = "ITMO.CSCourse.Lab06.MoreMethods", "ITMO.CSCourse.Lab06.MoreMethods\ITMO.CSCourse.Lab06.MoreMethods.csproj", "{F2FD3E80-ADE3-4641-BE07-C62CCD3712CA}"
EndProject
Project("{FAE04EC0-301F-11D3-BF4B-00C04F79EFBC}") = "ITMO.CSCourse.Lab07.Bank", "ITMO.CSCourse.Lab07.Bank\ITMO.CSCourse.Lab07.Bank.csproj", "{A34FDABD-E494-41D5-B3AA-B99A87F5BAAA}"
EndProject
Project("{FAE04EC0-301F-11D3-BF4B-00C04F79EFBC}") = "ITMO.CSCourse.Lab07.Utils", "ITMO.CSCourse.Lab07.Utils\ITMO.CSCourse.Lab07.Utils.csproj", "{E2678A20-D264-4725-871D-3D1FB0A093C1}"
EndProject
Project("{FAE04EC0-301F-11D3-BF4B-00C04F79EFBC}") = "ITMO.CSCourse.Lab08.Constructors", "ITMO.CSCourse.Lab08.Constructors\ITMO.CSCourse.Lab08.Constructors.csproj", "{0D5C2140-B1DA-4DE3-B283-18A6A6DFE179}"
EndProject
Project("{FAE04EC0-301F-11D3-BF4B-00C04F79EFBC}") = "ITMO.CSCourse.Lab09.ColorTokeniser", "ITMO.CSCourse.Lab09.ColorTokeniser\ITMO.CSCourse.Lab09.ColorTokeniser.csproj", "{3732930C-7816-4B3B-9BBF-B5D2CA8664C6}"
EndProject
Project("{FAE04EC0-301F-11D3-BF4B-00C04F79EFBC}") = "ITMO.CSCourse.Lab10.Exercise1", "ITMO.CSCourse.Lab10.Exercise1\ITMO.CSCourse.Lab10.Exercise1.csproj", "{77F9A465-BDE2-4818-AA83-C7888EC1FC59}"
EndProject
Project("{FAE04EC0-301F-11D3-BF4B-00C04F79EFBC}") = "ITMO.CSCourse.Lab10.Exercise2", "ITMO.CSCourse.Lab10.Exercise2\ITMO.CSCourse.Lab10.Exercise2.csproj", "{FA2424B8-EE46-4AE5-B9BA-C0F7DF0A933A}"
EndProject
Project("{FAE04EC0-301F-11D3-BF4B-00C04F79EFBC}") = "ITMO.CSCourse.Lab12.Exercise1", "ITMO.CSCourse.Lab12.Exercise1\ITMO.CSCourse.Lab12.Exercise1.csproj", "{07DB0780-7C06-4DFF-8339-EF80D891A641}"
EndProject
Project("{FAE04EC0-301F-11D3-BF4B-00C04F79EFBC}") = "TestHarness.Lab12.Ex1", "ITMO.CSCourse.Lab12.Exercise1\TestHarness\TestHarness.Lab12.Ex1.csproj", "{94BC9D54-E1CF-4ABD-BAAC-968153BBB7B8}"
EndProject
Project("{FAE04EC0-301F-11D3-BF4B-00C04F79EFBC}") = "ITMO.CSCourse.Lab12.Exercise2", "ITMO.CSCourse.Lab12.Exercise2\ITMO.CSCourse.Lab12.Exercise2.csproj", "{59E69694-DBA7-4E9D-9D24-00ED40AF410D}"
EndProject
Project("{FAE04EC0-301F-11D3-BF4B-00C04F79EFBC}") = "TestHarness.Lab12.Ex2", "ITMO.CSCourse.Lab12.Exercise2\TestHarness.Lab12.Ex2\TestHarness.Lab12.Ex2.csproj", "{8AA31E51-48E8-4888-85B2-07CD182DB67F}"
EndProject
Global
	GlobalSection(SolutionConfigurationPlatforms) = preSolution
		Debug|Any CPU = Debug|Any CPU
		Debug|x86 = Debug|x86
		Release|Any CPU = Release|Any CPU
		Release|x86 = Release|x86
	EndGlobalSection
	GlobalSection(ProjectConfigurationPlatforms) = postSolution
		{8ED4DB5C-691F-403A-BC5B-A6DC45673E16}.Debug|Any CPU.ActiveCfg = Debug|Any CPU
		{8ED4DB5C-691F-403A-BC5B-A6DC45673E16}.Debug|Any CPU.Build.0 = Debug|Any CPU
		{8ED4DB5C-691F-403A-BC5B-A6DC45673E16}.Debug|x86.ActiveCfg = Debug|Any CPU
		{8ED4DB5C-691F-403A-BC5B-A6DC45673E16}.Debug|x86.Build.0 = Debug|Any CPU
		{8ED4DB5C-691F-403A-BC5B-A6DC45673E16}.Release|Any CPU.ActiveCfg = Release|Any CPU
		{8ED4DB5C-691F-403A-BC5B-A6DC45673E16}.Release|Any CPU.Build.0 = Release|Any CPU
		{8ED4DB5C-691F-403A-BC5B-A6DC45673E16}.Release|x86.ActiveCfg = Release|Any CPU
		{8ED4DB5C-691F-403A-BC5B-A6DC45673E16}.Release|x86.Build.0 = Release|Any CPU
		{8B61563B-2428-4DB8-B679-A7620D948BCC}.Debug|Any CPU.ActiveCfg = Debug|Any CPU
		{8B61563B-2428-4DB8-B679-A7620D948BCC}.Debug|Any CPU.Build.0 = Debug|Any CPU
		{8B61563B-2428-4DB8-B679-A7620D948BCC}.Debug|x86.ActiveCfg = Debug|Any CPU
		{8B61563B-2428-4DB8-B679-A7620D948BCC}.Debug|x86.Build.0 = Debug|Any CPU
		{8B61563B-2428-4DB8-B679-A7620D948BCC}.Release|Any CPU.ActiveCfg = Release|Any CPU
		{8B61563B-2428-4DB8-B679-A7620D948BCC}.Release|Any CPU.Build.0 = Release|Any CPU
		{8B61563B-2428-4DB8-B679-A7620D948BCC}.Release|x86.ActiveCfg = Release|Any CPU
		{8B61563B-2428-4DB8-B679-A7620D948BCC}.Release|x86.Build.0 = Release|Any CPU
		{314AFBAA-785F-42FD-B6BA-1991E58D4BA0}.Debug|Any CPU.ActiveCfg = Debug|Any CPU
		{314AFBAA-785F-42FD-B6BA-1991E58D4BA0}.Debug|Any CPU.Build.0 = Debug|Any CPU
		{314AFBAA-785F-42FD-B6BA-1991E58D4BA0}.Debug|x86.ActiveCfg = Debug|Any CPU
		{314AFBAA-785F-42FD-B6BA-1991E58D4BA0}.Debug|x86.Build.0 = Debug|Any CPU
		{314AFBAA-785F-42FD-B6BA-1991E58D4BA0}.Release|Any CPU.ActiveCfg = Release|Any CPU
		{314AFBAA-785F-42FD-B6BA-1991E58D4BA0}.Release|Any CPU.Build.0 = Release|Any CPU
		{314AFBAA-785F-42FD-B6BA-1991E58D4BA0}.Release|x86.ActiveCfg = Release|Any CPU
		{314AFBAA-785F-42FD-B6BA-1991E58D4BA0}.Release|x86.Build.0 = Release|Any CPU
		{4BD4AEDE-BBA6-423C-BA63-0C6169529154}.Debug|Any CPU.ActiveCfg = Debug|Any CPU
		{4BD4AEDE-BBA6-423C-BA63-0C6169529154}.Debug|Any CPU.Build.0 = Debug|Any CPU
		{4BD4AEDE-BBA6-423C-BA63-0C6169529154}.Debug|x86.ActiveCfg = Debug|Any CPU
		{4BD4AEDE-BBA6-423C-BA63-0C6169529154}.Debug|x86.Build.0 = Debug|Any CPU
		{4BD4AEDE-BBA6-423C-BA63-0C6169529154}.Release|Any CPU.ActiveCfg = Release|Any CPU
		{4BD4AEDE-BBA6-423C-BA63-0C6169529154}.Release|Any CPU.Build.0 = Release|Any CPU
		{4BD4AEDE-BBA6-423C-BA63-0C6169529154}.Release|x86.ActiveCfg = Release|Any CPU
		{4BD4AEDE-BBA6-423C-BA63-0C6169529154}.Release|x86.Build.0 = Release|Any CPU
		{5DC73A9A-BBEB-40EB-A1ED-C2AFA67E9010}.Debug|Any CPU.ActiveCfg = Debug|Any CPU
		{5DC73A9A-BBEB-40EB-A1ED-C2AFA67E9010}.Debug|Any CPU.Build.0 = Debug|Any CPU
		{5DC73A9A-BBEB-40EB-A1ED-C2AFA67E9010}.Debug|x86.ActiveCfg = Debug|Any CPU
		{5DC73A9A-BBEB-40EB-A1ED-C2AFA67E9010}.Debug|x86.Build.0 = Debug|Any CPU
		{5DC73A9A-BBEB-40EB-A1ED-C2AFA67E9010}.Release|Any CPU.ActiveCfg = Release|Any CPU
		{5DC73A9A-BBEB-40EB-A1ED-C2AFA67E9010}.Release|Any CPU.Build.0 = Release|Any CPU
		{5DC73A9A-BBEB-40EB-A1ED-C2AFA67E9010}.Release|x86.ActiveCfg = Release|Any CPU
		{5DC73A9A-BBEB-40EB-A1ED-C2AFA67E9010}.Release|x86.Build.0 = Release|Any CPU
		{680A44BC-CE6B-4F07-BBB1-7B26836B7D5D}.Debug|Any CPU.ActiveCfg = Debug|Any CPU
		{680A44BC-CE6B-4F07-BBB1-7B26836B7D5D}.Debug|Any CPU.Build.0 = Debug|Any CPU
		{680A44BC-CE6B-4F07-BBB1-7B26836B7D5D}.Debug|x86.ActiveCfg = Debug|Any CPU
		{680A44BC-CE6B-4F07-BBB1-7B26836B7D5D}.Debug|x86.Build.0 = Debug|Any CPU
		{680A44BC-CE6B-4F07-BBB1-7B26836B7D5D}.Release|Any CPU.ActiveCfg = Release|Any CPU
		{680A44BC-CE6B-4F07-BBB1-7B26836B7D5D}.Release|Any CPU.Build.0 = Release|Any CPU
		{680A44BC-CE6B-4F07-BBB1-7B26836B7D5D}.Release|x86.ActiveCfg = Release|Any CPU
		{680A44BC-CE6B-4F07-BBB1-7B26836B7D5D}.Release|x86.Build.0 = Release|Any CPU
		{BFD0E742-A429-4B86-BFE0-C8FE6EFC6F27}.Debug|Any CPU.ActiveCfg = Debug|Any CPU
		{BFD0E742-A429-4B86-BFE0-C8FE6EFC6F27}.Debug|Any CPU.Build.0 = Debug|Any CPU
		{BFD0E742-A429-4B86-BFE0-C8FE6EFC6F27}.Debug|x86.ActiveCfg = Debug|Any CPU
		{BFD0E742-A429-4B86-BFE0-C8FE6EFC6F27}.Debug|x86.Build.0 = Debug|Any CPU
		{BFD0E742-A429-4B86-BFE0-C8FE6EFC6F27}.Release|Any CPU.ActiveCfg = Release|Any CPU
		{BFD0E742-A429-4B86-BFE0-C8FE6EFC6F27}.Release|Any CPU.Build.0 = Release|Any CPU
		{BFD0E742-A429-4B86-BFE0-C8FE6EFC6F27}.Release|x86.ActiveCfg = Release|Any CPU
		{BFD0E742-A429-4B86-BFE0-C8FE6EFC6F27}.Release|x86.Build.0 = Release|Any CPU
		{1E0744FA-D5E7-42A1-9DFD-DE4B251CC757}.Debug|Any CPU.ActiveCfg = Debug|Any CPU
		{1E0744FA-D5E7-42A1-9DFD-DE4B251CC757}.Debug|Any CPU.Build.0 = Debug|Any CPU
		{1E0744FA-D5E7-42A1-9DFD-DE4B251CC757}.Debug|x86.ActiveCfg = Debug|Any CPU
		{1E0744FA-D5E7-42A1-9DFD-DE4B251CC757}.Debug|x86.Build.0 = Debug|Any CPU
		{1E0744FA-D5E7-42A1-9DFD-DE4B251CC757}.Release|Any CPU.ActiveCfg = Release|Any CPU
		{1E0744FA-D5E7-42A1-9DFD-DE4B251CC757}.Release|Any CPU.Build.0 = Release|Any CPU
		{1E0744FA-D5E7-42A1-9DFD-DE4B251CC757}.Release|x86.ActiveCfg = Release|Any CPU
		{1E0744FA-D5E7-42A1-9DFD-DE4B251CC757}.Release|x86.Build.0 = Release|Any CPU
		{87D7AB5B-8B7A-46AD-901D-04E667188985}.Debug|Any CPU.ActiveCfg = Debug|Any CPU
		{87D7AB5B-8B7A-46AD-901D-04E667188985}.Debug|Any CPU.Build.0 = Debug|Any CPU
		{87D7AB5B-8B7A-46AD-901D-04E667188985}.Debug|x86.ActiveCfg = Debug|Any CPU
		{87D7AB5B-8B7A-46AD-901D-04E667188985}.Debug|x86.Build.0 = Debug|Any CPU
		{87D7AB5B-8B7A-46AD-901D-04E667188985}.Release|Any CPU.ActiveCfg = Release|Any CPU
		{87D7AB5B-8B7A-46AD-901D-04E667188985}.Release|Any CPU.Build.0 = Release|Any CPU
		{87D7AB5B-8B7A-46AD-901D-04E667188985}.Release|x86.ActiveCfg = Release|Any CPU
		{87D7AB5B-8B7A-46AD-901D-04E667188985}.Release|x86.Build.0 = Release|Any CPU
		{DC5C4AE1-2F2C-433D-817D-8F4F0F62AF3D}.Debug|Any CPU.ActiveCfg = Debug|Any CPU
		{DC5C4AE1-2F2C-433D-817D-8F4F0F62AF3D}.Debug|Any CPU.Build.0 = Debug|Any CPU
		{DC5C4AE1-2F2C-433D-817D-8F4F0F62AF3D}.Debug|x86.ActiveCfg = Debug|Any CPU
		{DC5C4AE1-2F2C-433D-817D-8F4F0F62AF3D}.Debug|x86.Build.0 = Debug|Any CPU
		{DC5C4AE1-2F2C-433D-817D-8F4F0F62AF3D}.Release|Any CPU.ActiveCfg = Release|Any CPU
		{DC5C4AE1-2F2C-433D-817D-8F4F0F62AF3D}.Release|Any CPU.Build.0 = Release|Any CPU
		{DC5C4AE1-2F2C-433D-817D-8F4F0F62AF3D}.Release|x86.ActiveCfg = Release|Any CPU
		{DC5C4AE1-2F2C-433D-817D-8F4F0F62AF3D}.Release|x86.Build.0 = Release|Any CPU
		{B0EDA907-1CD5-4F31-8419-C9FF2DE1881B}.Debug|Any CPU.ActiveCfg = Debug|Any CPU
		{B0EDA907-1CD5-4F31-8419-C9FF2DE1881B}.Debug|Any CPU.Build.0 = Debug|Any CPU
		{B0EDA907-1CD5-4F31-8419-C9FF2DE1881B}.Debug|x86.ActiveCfg = Debug|Any CPU
		{B0EDA907-1CD5-4F31-8419-C9FF2DE1881B}.Debug|x86.Build.0 = Debug|Any CPU
		{B0EDA907-1CD5-4F31-8419-C9FF2DE1881B}.Release|Any CPU.ActiveCfg = Release|Any CPU
		{B0EDA907-1CD5-4F31-8419-C9FF2DE1881B}.Release|Any CPU.Build.0 = Release|Any CPU
		{B0EDA907-1CD5-4F31-8419-C9FF2DE1881B}.Release|x86.ActiveCfg = Release|Any CPU
		{B0EDA907-1CD5-4F31-8419-C9FF2DE1881B}.Release|x86.Build.0 = Release|Any CPU
		{27C22F47-036A-431E-9795-6D15C06EF45D}.Debug|Any CPU.ActiveCfg = Debug|Any CPU
		{27C22F47-036A-431E-9795-6D15C06EF45D}.Debug|Any CPU.Build.0 = Debug|Any CPU
		{27C22F47-036A-431E-9795-6D15C06EF45D}.Debug|x86.ActiveCfg = Debug|Any CPU
		{27C22F47-036A-431E-9795-6D15C06EF45D}.Debug|x86.Build.0 = Debug|Any CPU
		{27C22F47-036A-431E-9795-6D15C06EF45D}.Release|Any CPU.ActiveCfg = Release|Any CPU
		{27C22F47-036A-431E-9795-6D15C06EF45D}.Release|Any CPU.Build.0 = Release|Any CPU
		{27C22F47-036A-431E-9795-6D15C06EF45D}.Release|x86.ActiveCfg = Release|Any CPU
		{27C22F47-036A-431E-9795-6D15C06EF45D}.Release|x86.Build.0 = Release|Any CPU
		{F2FD3E80-ADE3-4641-BE07-C62CCD3712CA}.Debug|Any CPU.ActiveCfg = Debug|Any CPU
		{F2FD3E80-ADE3-4641-BE07-C62CCD3712CA}.Debug|Any CPU.Build.0 = Debug|Any CPU
		{F2FD3E80-ADE3-4641-BE07-C62CCD3712CA}.Debug|x86.ActiveCfg = Debug|Any CPU
		{F2FD3E80-ADE3-4641-BE07-C62CCD3712CA}.Debug|x86.Build.0 = Debug|Any CPU
		{F2FD3E80-ADE3-4641-BE07-C62CCD3712CA}.Release|Any CPU.ActiveCfg = Release|Any CPU
		{F2FD3E80-ADE3-4641-BE07-C62CCD3712CA}.Release|Any CPU.Build.0 = Release|Any CPU
		{F2FD3E80-ADE3-4641-BE07-C62CCD3712CA}.Release|x86.ActiveCfg = Release|Any CPU
		{F2FD3E80-ADE3-4641-BE07-C62CCD3712CA}.Release|x86.Build.0 = Release|Any CPU
		{A34FDABD-E494-41D5-B3AA-B99A87F5BAAA}.Debug|Any CPU.ActiveCfg = Debug|Any CPU
		{A34FDABD-E494-41D5-B3AA-B99A87F5BAAA}.Debug|Any CPU.Build.0 = Debug|Any CPU
		{A34FDABD-E494-41D5-B3AA-B99A87F5BAAA}.Debug|x86.ActiveCfg = Debug|Any CPU
		{A34FDABD-E494-41D5-B3AA-B99A87F5BAAA}.Debug|x86.Build.0 = Debug|Any CPU
		{A34FDABD-E494-41D5-B3AA-B99A87F5BAAA}.Release|Any CPU.ActiveCfg = Release|Any CPU
		{A34FDABD-E494-41D5-B3AA-B99A87F5BAAA}.Release|Any CPU.Build.0 = Release|Any CPU
		{A34FDABD-E494-41D5-B3AA-B99A87F5BAAA}.Release|x86.ActiveCfg = Release|Any CPU
		{A34FDABD-E494-41D5-B3AA-B99A87F5BAAA}.Release|x86.Build.0 = Release|Any CPU
		{E2678A20-D264-4725-871D-3D1FB0A093C1}.Debug|Any CPU.ActiveCfg = Debug|Any CPU
		{E2678A20-D264-4725-871D-3D1FB0A093C1}.Debug|Any CPU.Build.0 = Debug|Any CPU
		{E2678A20-D264-4725-871D-3D1FB0A093C1}.Debug|x86.ActiveCfg = Debug|Any CPU
		{E2678A20-D264-4725-871D-3D1FB0A093C1}.Debug|x86.Build.0 = Debug|Any CPU
		{E2678A20-D264-4725-871D-3D1FB0A093C1}.Release|Any CPU.ActiveCfg = Release|Any CPU
		{E2678A20-D264-4725-871D-3D1FB0A093C1}.Release|Any CPU.Build.0 = Release|Any CPU
		{E2678A20-D264-4725-871D-3D1FB0A093C1}.Release|x86.ActiveCfg = Release|Any CPU
		{E2678A20-D264-4725-871D-3D1FB0A093C1}.Release|x86.Build.0 = Release|Any CPU
		{0D5C2140-B1DA-4DE3-B283-18A6A6DFE179}.Debug|Any CPU.ActiveCfg = Debug|Any CPU
		{0D5C2140-B1DA-4DE3-B283-18A6A6DFE179}.Debug|Any CPU.Build.0 = Debug|Any CPU
		{0D5C2140-B1DA-4DE3-B283-18A6A6DFE179}.Debug|x86.ActiveCfg = Debug|Any CPU
		{0D5C2140-B1DA-4DE3-B283-18A6A6DFE179}.Debug|x86.Build.0 = Debug|Any CPU
		{0D5C2140-B1DA-4DE3-B283-18A6A6DFE179}.Release|Any CPU.ActiveCfg = Release|Any CPU
		{0D5C2140-B1DA-4DE3-B283-18A6A6DFE179}.Release|Any CPU.Build.0 = Release|Any CPU
		{0D5C2140-B1DA-4DE3-B283-18A6A6DFE179}.Release|x86.ActiveCfg = Release|Any CPU
		{0D5C2140-B1DA-4DE3-B283-18A6A6DFE179}.Release|x86.Build.0 = Release|Any CPU
		{3732930C-7816-4B3B-9BBF-B5D2CA8664C6}.Debug|Any CPU.ActiveCfg = Debug|Any CPU
		{3732930C-7816-4B3B-9BBF-B5D2CA8664C6}.Debug|Any CPU.Build.0 = Debug|Any CPU
		{3732930C-7816-4B3B-9BBF-B5D2CA8664C6}.Debug|x86.ActiveCfg = Debug|Any CPU
		{3732930C-7816-4B3B-9BBF-B5D2CA8664C6}.Debug|x86.Build.0 = Debug|Any CPU
		{3732930C-7816-4B3B-9BBF-B5D2CA8664C6}.Release|Any CPU.ActiveCfg = Release|Any CPU
		{3732930C-7816-4B3B-9BBF-B5D2CA8664C6}.Release|Any CPU.Build.0 = Release|Any CPU
		{3732930C-7816-4B3B-9BBF-B5D2CA8664C6}.Release|x86.ActiveCfg = Release|Any CPU
		{3732930C-7816-4B3B-9BBF-B5D2CA8664C6}.Release|x86.Build.0 = Release|Any CPU
		{77F9A465-BDE2-4818-AA83-C7888EC1FC59}.Debug|Any CPU.ActiveCfg = Debug|Any CPU
		{77F9A465-BDE2-4818-AA83-C7888EC1FC59}.Debug|Any CPU.Build.0 = Debug|Any CPU
		{77F9A465-BDE2-4818-AA83-C7888EC1FC59}.Debug|x86.ActiveCfg = Debug|Any CPU
		{77F9A465-BDE2-4818-AA83-C7888EC1FC59}.Debug|x86.Build.0 = Debug|Any CPU
		{77F9A465-BDE2-4818-AA83-C7888EC1FC59}.Release|Any CPU.ActiveCfg = Release|Any CPU
		{77F9A465-BDE2-4818-AA83-C7888EC1FC59}.Release|Any CPU.Build.0 = Release|Any CPU
		{77F9A465-BDE2-4818-AA83-C7888EC1FC59}.Release|x86.ActiveCfg = Release|Any CPU
		{77F9A465-BDE2-4818-AA83-C7888EC1FC59}.Release|x86.Build.0 = Release|Any CPU
		{FA2424B8-EE46-4AE5-B9BA-C0F7DF0A933A}.Debug|Any CPU.ActiveCfg = Debug|Any CPU
		{FA2424B8-EE46-4AE5-B9BA-C0F7DF0A933A}.Debug|Any CPU.Build.0 = Debug|Any CPU
		{FA2424B8-EE46-4AE5-B9BA-C0F7DF0A933A}.Debug|x86.ActiveCfg = Debug|Any CPU
		{FA2424B8-EE46-4AE5-B9BA-C0F7DF0A933A}.Debug|x86.Build.0 = Debug|Any CPU
		{FA2424B8-EE46-4AE5-B9BA-C0F7DF0A933A}.Release|Any CPU.ActiveCfg = Release|Any CPU
		{FA2424B8-EE46-4AE5-B9BA-C0F7DF0A933A}.Release|Any CPU.Build.0 = Release|Any CPU
		{FA2424B8-EE46-4AE5-B9BA-C0F7DF0A933A}.Release|x86.ActiveCfg = Release|Any CPU
		{FA2424B8-EE46-4AE5-B9BA-C0F7DF0A933A}.Release|x86.Build.0 = Release|Any CPU
		{07DB0780-7C06-4DFF-8339-EF80D891A641}.Debug|Any CPU.ActiveCfg = Debug|Any CPU
		{07DB0780-7C06-4DFF-8339-EF80D891A641}.Debug|Any CPU.Build.0 = Debug|Any CPU
		{07DB0780-7C06-4DFF-8339-EF80D891A641}.Debug|x86.ActiveCfg = Debug|Any CPU
		{07DB0780-7C06-4DFF-8339-EF80D891A641}.Debug|x86.Build.0 = Debug|Any CPU
		{07DB0780-7C06-4DFF-8339-EF80D891A641}.Release|Any CPU.ActiveCfg = Release|Any CPU
		{07DB0780-7C06-4DFF-8339-EF80D891A641}.Release|Any CPU.Build.0 = Release|Any CPU
		{07DB0780-7C06-4DFF-8339-EF80D891A641}.Release|x86.ActiveCfg = Release|Any CPU
		{07DB0780-7C06-4DFF-8339-EF80D891A641}.Release|x86.Build.0 = Release|Any CPU
		{94BC9D54-E1CF-4ABD-BAAC-968153BBB7B8}.Debug|Any CPU.ActiveCfg = Debug|Any CPU
		{94BC9D54-E1CF-4ABD-BAAC-968153BBB7B8}.Debug|Any CPU.Build.0 = Debug|Any CPU
		{94BC9D54-E1CF-4ABD-BAAC-968153BBB7B8}.Debug|x86.ActiveCfg = Debug|Any CPU
		{94BC9D54-E1CF-4ABD-BAAC-968153BBB7B8}.Debug|x86.Build.0 = Debug|Any CPU
		{94BC9D54-E1CF-4ABD-BAAC-968153BBB7B8}.Release|Any CPU.ActiveCfg = Release|Any CPU
		{94BC9D54-E1CF-4ABD-BAAC-968153BBB7B8}.Release|Any CPU.Build.0 = Release|Any CPU
		{94BC9D54-E1CF-4ABD-BAAC-968153BBB7B8}.Release|x86.ActiveCfg = Release|Any CPU
		{94BC9D54-E1CF-4ABD-BAAC-968153BBB7B8}.Release|x86.Build.0 = Release|Any CPU
		{59E69694-DBA7-4E9D-9D24-00ED40AF410D}.Debug|Any CPU.ActiveCfg = Debug|Any CPU
		{59E69694-DBA7-4E9D-9D24-00ED40AF410D}.Debug|Any CPU.Build.0 = Debug|Any CPU
		{59E69694-DBA7-4E9D-9D24-00ED40AF410D}.Debug|x86.ActiveCfg = Debug|Any CPU
		{59E69694-DBA7-4E9D-9D24-00ED40AF410D}.Debug|x86.Build.0 = Debug|Any CPU
		{59E69694-DBA7-4E9D-9D24-00ED40AF410D}.Release|Any CPU.ActiveCfg = Release|Any CPU
		{59E69694-DBA7-4E9D-9D24-00ED40AF410D}.Release|Any CPU.Build.0 = Release|Any CPU
		{59E69694-DBA7-4E9D-9D24-00ED40AF410D}.Release|x86.ActiveCfg = Release|Any CPU
		{59E69694-DBA7-4E9D-9D24-00ED40AF410D}.Release|x86.Build.0 = Release|Any CPU
		{8AA31E51-48E8-4888-85B2-07CD182DB67F}.Debug|Any CPU.ActiveCfg = Debug|Any CPU
		{8AA31E51-48E8-4888-85B2-07CD182DB67F}.Debug|Any CPU.Build.0 = Debug|Any CPU
		{8AA31E51-48E8-4888-85B2-07CD182DB67F}.Debug|x86.ActiveCfg = Debug|Any CPU
		{8AA31E51-48E8-4888-85B2-07CD182DB67F}.Debug|x86.Build.0 = Debug|Any CPU
		{8AA31E51-48E8-4888-85B2-07CD182DB67F}.Release|Any CPU.ActiveCfg = Release|Any CPU
		{8AA31E51-48E8-4888-85B2-07CD182DB67F}.Release|Any CPU.Build.0 = Release|Any CPU
		{8AA31E51-48E8-4888-85B2-07CD182DB67F}.Release|x86.ActiveCfg = Release|Any CPU
		{8AA31E51-48E8-4888-85B2-07CD182DB67F}.Release|x86.Build.0 = Release|Any CPU
	EndGlobalSection
	GlobalSection(SolutionProperties) = preSolution
		HideSolutionNode = FALSE
	EndGlobalSection
	GlobalSection(ExtensibilityGlobals) = postSolution
		SolutionGuid = {B550BF5A-8E42-42C9-835C-986C2E17C0AA}
	EndGlobalSection
EndGlobal
